
Microsoft Visual Studio Solution File, Format Version 12.00
# Visual Studio Version 16
VisualStudioVersion = 16.0.35325.158
MinimumVisualStudioVersion = 10.0.40219.1
Project("{FAE04EC0-301F-11D3-BF4B-00C04F79EFBC}") = "davaleba 4", "davaleba 4\davaleba 4.csproj", "{49AFB0D4-4465-4880-AE88-38E3EEA7E736}"
EndProject
Global
	GlobalSection(SolutionConfigurationPlatforms) = preSolution
		Debug|Any CPU = Debug|Any CPU
		Release|Any CPU = Release|Any CPU
	EndGlobalSection
	GlobalSection(ProjectConfigurationPlatforms) = postSolution
		{49AFB0D4-4465-4880-AE88-38E3EEA7E736}.Debug|Any CPU.ActiveCfg = Debug|Any CPU
		{49AFB0D4-4465-4880-AE88-38E3EEA7E736}.Debug|Any CPU.Build.0 = Debug|Any CPU
		{49AFB0D4-4465-4880-AE88-38E3EEA7E736}.Release|Any CPU.ActiveCfg = Release|Any CPU
		{49AFB0D4-4465-4880-AE88-38E3EEA7E736}.Release|Any CPU.Build.0 = Release|Any CPU
	EndGlobalSection
	GlobalSection(SolutionProperties) = preSolution
		HideSolutionNode = FALSE
	EndGlobalSection
	GlobalSection(ExtensibilityGlobals) = postSolution
		SolutionGuid = {5154F491-450B-481A-B074-3F352D6908E9}
	EndGlobalSection
EndGlobal
